
Microsoft Visual Studio Solution File, Format Version 12.00
# Visual Studio Version 16
VisualStudioVersion = 16.0.29009.5
MinimumVisualStudioVersion = 10.0.40219.1
Project("{FAE04EC0-301F-11D3-BF4B-00C04F79EFBC}") = "IoT", "IoT\IoT.csproj", "{D26CDAD1-CDE0-4F31-A244-6627E6F6CA53}"
EndProject
Global
	GlobalSection(SolutionConfigurationPlatforms) = preSolution
		Debug|Any CPU = Debug|Any CPU
		Release|Any CPU = Release|Any CPU
	EndGlobalSection
	GlobalSection(ProjectConfigurationPlatforms) = postSolution
		{D26CDAD1-CDE0-4F31-A244-6627E6F6CA53}.Debug|Any CPU.ActiveCfg = Debug|Any CPU
		{D26CDAD1-CDE0-4F31-A244-6627E6F6CA53}.Debug|Any CPU.Build.0 = Debug|Any CPU
		{D26CDAD1-CDE0-4F31-A244-6627E6F6CA53}.Release|Any CPU.ActiveCfg = Release|Any CPU
		{D26CDAD1-CDE0-4F31-A244-6627E6F6CA53}.Release|Any CPU.Build.0 = Release|Any CPU
	EndGlobalSection
	GlobalSection(SolutionProperties) = preSolution
		HideSolutionNode = FALSE
	EndGlobalSection
	GlobalSection(ExtensibilityGlobals) = postSolution
		SolutionGuid = {EB67ED5D-4DA6-40A6-90CE-8575FB6BD8A4}
	EndGlobalSection
EndGlobal
